
Microsoft Visual Studio Solution File, Format Version 12.00
# Visual Studio Version 16
VisualStudioVersion = 16.0.31410.357
MinimumVisualStudioVersion = 10.0.40219.1
Project("{FAE04EC0-301F-11D3-BF4B-00C04F79EFBC}") = "AccountingNote.DBSource", "AccountingNote.DBSource\AccountingNote.DBSource.csproj", "{C9DD785A-7792-4BD3-AEF6-070C8B7EBD05}"
EndProject
Project("{FAE04EC0-301F-11D3-BF4B-00C04F79EFBC}") = "AccountingNote", "AccountingNote1\AccountingNote.csproj", "{E5B1F67E-AAD7-400D-91A4-A584D8724CDC}"
EndProject
Project("{FAE04EC0-301F-11D3-BF4B-00C04F79EFBC}") = "AccountingNote.Auth", "AccountingNote.Auth\AccountingNote.Auth.csproj", "{195249A1-AAD1-432B-AF23-F52799380535}"
EndProject
Project("{FAE04EC0-301F-11D3-BF4B-00C04F79EFBC}") = "WebApplication1", "WebApplication1\WebApplication1.csproj", "{FFA19E04-B465-45BC-8713-F81DEBC831AB}"
EndProject
Project("{FAE04EC0-301F-11D3-BF4B-00C04F79EFBC}") = "TryReadWebAPI", "TryReadWebAPI\TryReadWebAPI.csproj", "{E9DAE835-8E1D-4CAA-A710-8478846B7B83}"
EndProject
Project("{FAE04EC0-301F-11D3-BF4B-00C04F79EFBC}") = "TryWeatherData", "TryWeatherData\TryWeatherData.csproj", "{2A2045CB-3611-46FD-B77C-7CE5DA5ADA9F}"
EndProject
Project("{FAE04EC0-301F-11D3-BF4B-00C04F79EFBC}") = "AccountingNote.ORM", "AccountingNote.ORM\AccountingNote.ORM.csproj", "{A10565F9-EFB5-479E-99EC-A7C8F9FFD5FB}"
EndProject
Project("{FAE04EC0-301F-11D3-BF4B-00C04F79EFBC}") = "TryCookie", "TryCookie\TryCookie.csproj", "{04C6A332-D9C5-49B0-A3E1-90322144E291}"
EndProject
Project("{FAE04EC0-301F-11D3-BF4B-00C04F79EFBC}") = "TrySQLProcedure", "TrySQLProcedure\TrySQLProcedure.csproj", "{06ED5ACD-5CF8-436B-98F4-6FB848935F03}"
EndProject
Global
	GlobalSection(SolutionConfigurationPlatforms) = preSolution
		Debug|Any CPU = Debug|Any CPU
		Release|Any CPU = Release|Any CPU
	EndGlobalSection
	GlobalSection(ProjectConfigurationPlatforms) = postSolution
		{C9DD785A-7792-4BD3-AEF6-070C8B7EBD05}.Debug|Any CPU.ActiveCfg = Debug|Any CPU
		{C9DD785A-7792-4BD3-AEF6-070C8B7EBD05}.Debug|Any CPU.Build.0 = Debug|Any CPU
		{C9DD785A-7792-4BD3-AEF6-070C8B7EBD05}.Release|Any CPU.ActiveCfg = Release|Any CPU
		{C9DD785A-7792-4BD3-AEF6-070C8B7EBD05}.Release|Any CPU.Build.0 = Release|Any CPU
		{E5B1F67E-AAD7-400D-91A4-A584D8724CDC}.Debug|Any CPU.ActiveCfg = Debug|Any CPU
		{E5B1F67E-AAD7-400D-91A4-A584D8724CDC}.Debug|Any CPU.Build.0 = Debug|Any CPU
		{E5B1F67E-AAD7-400D-91A4-A584D8724CDC}.Release|Any CPU.ActiveCfg = Release|Any CPU
		{E5B1F67E-AAD7-400D-91A4-A584D8724CDC}.Release|Any CPU.Build.0 = Release|Any CPU
		{195249A1-AAD1-432B-AF23-F52799380535}.Debug|Any CPU.ActiveCfg = Debug|Any CPU
		{195249A1-AAD1-432B-AF23-F52799380535}.Debug|Any CPU.Build.0 = Debug|Any CPU
		{195249A1-AAD1-432B-AF23-F52799380535}.Release|Any CPU.ActiveCfg = Release|Any CPU
		{195249A1-AAD1-432B-AF23-F52799380535}.Release|Any CPU.Build.0 = Release|Any CPU
		{FFA19E04-B465-45BC-8713-F81DEBC831AB}.Debug|Any CPU.ActiveCfg = Debug|Any CPU
		{FFA19E04-B465-45BC-8713-F81DEBC831AB}.Debug|Any CPU.Build.0 = Debug|Any CPU
		{FFA19E04-B465-45BC-8713-F81DEBC831AB}.Release|Any CPU.ActiveCfg = Release|Any CPU
		{FFA19E04-B465-45BC-8713-F81DEBC831AB}.Release|Any CPU.Build.0 = Release|Any CPU
		{E9DAE835-8E1D-4CAA-A710-8478846B7B83}.Debug|Any CPU.ActiveCfg = Debug|Any CPU
		{E9DAE835-8E1D-4CAA-A710-8478846B7B83}.Debug|Any CPU.Build.0 = Debug|Any CPU
		{E9DAE835-8E1D-4CAA-A710-8478846B7B83}.Release|Any CPU.ActiveCfg = Release|Any CPU
		{E9DAE835-8E1D-4CAA-A710-8478846B7B83}.Release|Any CPU.Build.0 = Release|Any CPU
		{2A2045CB-3611-46FD-B77C-7CE5DA5ADA9F}.Debug|Any CPU.ActiveCfg = Debug|Any CPU
		{2A2045CB-3611-46FD-B77C-7CE5DA5ADA9F}.Debug|Any CPU.Build.0 = Debug|Any CPU
		{2A2045CB-3611-46FD-B77C-7CE5DA5ADA9F}.Release|Any CPU.ActiveCfg = Release|Any CPU
		{2A2045CB-3611-46FD-B77C-7CE5DA5ADA9F}.Release|Any CPU.Build.0 = Release|Any CPU
		{A10565F9-EFB5-479E-99EC-A7C8F9FFD5FB}.Debug|Any CPU.ActiveCfg = Debug|Any CPU
		{A10565F9-EFB5-479E-99EC-A7C8F9FFD5FB}.Debug|Any CPU.Build.0 = Debug|Any CPU
		{A10565F9-EFB5-479E-99EC-A7C8F9FFD5FB}.Release|Any CPU.ActiveCfg = Release|Any CPU
		{A10565F9-EFB5-479E-99EC-A7C8F9FFD5FB}.Release|Any CPU.Build.0 = Release|Any CPU
		{04C6A332-D9C5-49B0-A3E1-90322144E291}.Debug|Any CPU.ActiveCfg = Debug|Any CPU
		{04C6A332-D9C5-49B0-A3E1-90322144E291}.Debug|Any CPU.Build.0 = Debug|Any CPU
		{04C6A332-D9C5-49B0-A3E1-90322144E291}.Release|Any CPU.ActiveCfg = Release|Any CPU
		{04C6A332-D9C5-49B0-A3E1-90322144E291}.Release|Any CPU.Build.0 = Release|Any CPU
		{06ED5ACD-5CF8-436B-98F4-6FB848935F03}.Debug|Any CPU.ActiveCfg = Debug|Any CPU
		{06ED5ACD-5CF8-436B-98F4-6FB848935F03}.Debug|Any CPU.Build.0 = Debug|Any CPU
		{06ED5ACD-5CF8-436B-98F4-6FB848935F03}.Release|Any CPU.ActiveCfg = Release|Any CPU
		{06ED5ACD-5CF8-436B-98F4-6FB848935F03}.Release|Any CPU.Build.0 = Release|Any CPU
	EndGlobalSection
	GlobalSection(SolutionProperties) = preSolution
		HideSolutionNode = FALSE
	EndGlobalSection
	GlobalSection(ExtensibilityGlobals) = postSolution
		SolutionGuid = {00739B46-E65E-4D1F-A8A9-B8A2ADDC2892}
	EndGlobalSection
EndGlobal
